
Microsoft Visual Studio Solution File, Format Version 12.00
# Visual Studio Version 17
VisualStudioVersion = 17.8.34511.84
MinimumVisualStudioVersion = 10.0.40219.1
Project("{FAE04EC0-301F-11D3-BF4B-00C04F79EFBC}") = "CodeGenie", "CodeGenie\CodeGenie.csproj", "{003C2D29-D53E-4285-8AF4-E5D46D61F996}"
EndProject
Global
	GlobalSection(SolutionConfigurationPlatforms) = preSolution
		Debug|Any CPU = Debug|Any CPU
		Release|Any CPU = Release|Any CPU
	EndGlobalSection
	GlobalSection(ProjectConfigurationPlatforms) = postSolution
		{003C2D29-D53E-4285-8AF4-E5D46D61F996}.Debug|Any CPU.ActiveCfg = Debug|Any CPU
		{003C2D29-D53E-4285-8AF4-E5D46D61F996}.Debug|Any CPU.Build.0 = Debug|Any CPU
		{003C2D29-D53E-4285-8AF4-E5D46D61F996}.Release|Any CPU.ActiveCfg = Release|Any CPU
		{003C2D29-D53E-4285-8AF4-E5D46D61F996}.Release|Any CPU.Build.0 = Release|Any CPU
	EndGlobalSection
	GlobalSection(SolutionProperties) = preSolution
		HideSolutionNode = FALSE
	EndGlobalSection
	GlobalSection(ExtensibilityGlobals) = postSolution
		SolutionGuid = {B95245D2-0B18-41EB-8125-468245B6F8CD}
	EndGlobalSection
EndGlobal
